PODS:
  - Expecta (0.3.2)
  - msgpack (0.1.3)
  - objc-rlite (0.1.2)
  - ohmoc (0.1.0):
    - msgpack (~> 0.1.3)
    - objc-rlite (~> 0.1.2)
  - Specta (0.4.0)

DEPENDENCIES:
  - Expecta
  - ohmoc (from `../`)
  - Specta

EXTERNAL SOURCES:
  ohmoc:
    :path: "../"

SPEC CHECKSUMS:
  Expecta: 8c507baf13211207b1e9d0a741480600e6b4ed15
  msgpack: 379200c227158b5823b79ac08ff00c2150b7d6d0
  objc-rlite: 71b9afd53e347eff310c61dc16f8623ee0795821
  ohmoc: f2717a99150fac30467d7260febb32e0ba6818f4
  Specta: a353759f073ffcc0a365b782fe4aaeac064c03c6

COCOAPODS: 0.36.3
